
Microsoft Visual Studio Solution File, Format Version 12.00
# Visual Studio Version 16
VisualStudioVersion = 16.0.32002.261
MinimumVisualStudioVersion = 10.0.40219.1
Project("{FAE04EC0-301F-11D3-BF4B-00C04F79EFBC}") = "cardinal-api", "cardinal-api.csproj", "{EB2B0CA8-634E-459C-BB10-75DA63BAB5EA}"
EndProject
Global
	GlobalSection(SolutionConfigurationPlatforms) = preSolution
		Debug|Any CPU = Debug|Any CPU
		Release|Any CPU = Release|Any CPU
	EndGlobalSection
	GlobalSection(ProjectConfigurationPlatforms) = postSolution
		{EB2B0CA8-634E-459C-BB10-75DA63BAB5EA}.Debug|Any CPU.ActiveCfg = Debug|Any CPU
		{EB2B0CA8-634E-459C-BB10-75DA63BAB5EA}.Debug|Any CPU.Build.0 = Debug|Any CPU
		{EB2B0CA8-634E-459C-BB10-75DA63BAB5EA}.Release|Any CPU.ActiveCfg = Release|Any CPU
		{EB2B0CA8-634E-459C-BB10-75DA63BAB5EA}.Release|Any CPU.Build.0 = Release|Any CPU
	EndGlobalSection
	GlobalSection(SolutionProperties) = preSolution
		HideSolutionNode = FALSE
	EndGlobalSection
	GlobalSection(ExtensibilityGlobals) = postSolution
		SolutionGuid = {22C5410B-4667-4E48-AEF9-C79785E6278B}
	EndGlobalSection
EndGlobal
